// !$*UTF8*$!
{
	archiveVersion = 1;
	classes = {
	};
	objectVersion = 56;
	objects = {

/* Begin PBXFileReference section */
		2906CF86298BDA6B00C6212D /* GamePadI1.png */ = {isa = PBXFileReference; lastKnownFileType = image.png; path = GamePadI1.png; sourceTree = "<group>"; };
		2906CF87298BDC9D00C6212D /* GamePadI2.png */ = {isa = PBXFileReference; lastKnownFileType = image.png; path = GamePadI2.png; sourceTree = "<group>"; };
		29255B70298D2D2800234506 /* Dot.png */ = {isa = PBXFileReference; lastKnownFileType = image.png; path = Dot.png; sourceTree = "<group>"; };
		29255B72298D30DE00234506 /* Snake.png */ = {isa = PBXFileReference; lastKnownFileType = image.png; path = Snake.png; sourceTree = "<group>"; };
		29255B73298D330600234506 /* Asteroids.png */ = {isa = PBXFileReference; lastKnownFileType = image.png; path = Asteroids.png; sourceTree = "<group>"; };
		29255B74298D350100234506 /* Tetris.png */ = {isa = PBXFileReference; lastKnownFileType = image.png; path = Tetris.png; sourceTree = "<group>"; };
		29255B76298D392E00234506 /* LevelOne.png */ = {isa = PBXFileReference; lastKnownFileType = image.png; path = LevelOne.png; sourceTree = "<group>"; };
		29255B78298E5C5B00234506 /* LevelTwo.png */ = {isa = PBXFileReference; lastKnownFileType = image.png; path = LevelTwo.png; sourceTree = "<group>"; };
		295A7E48295F2E87003779A3 /* tetris.ino */ = {isa = PBXFileReference; lastKnownFileType = text; path = tetris.ino; sourceTree = "<group>"; };
		295A7E49295F2EB2003779A3 /* NG8x8RGBMatrixGameTetris.cpp */ = {isa = PBXFileReference; lastKnownFileType = sourcecode.cpp.cpp; path = NG8x8RGBMatrixGameTetris.cpp; sourceTree = "<group>"; };
		295A7E4A295F2EB2003779A3 /* NG8x8RGBMatrixGameTetris.h */ = {isa = PBXFileReference; lastKnownFileType = sourcecode.c.h; path = NG8x8RGBMatrixGameTetris.h; sourceTree = "<group>"; };
		295A7E4C2969DB65003779A3 /* asteroids.ino */ = {isa = PBXFileReference; lastKnownFileType = text; path = asteroids.ino; sourceTree = "<group>"; };
		295A7E4D2969DB99003779A3 /* NG8x8RGBMatrixGameAsteroids.cpp */ = {isa = PBXFileReference; lastKnownFileType = sourcecode.cpp.cpp; path = NG8x8RGBMatrixGameAsteroids.cpp; sourceTree = "<group>"; };
		295A7E4E2969DB99003779A3 /* NG8x8RGBMatrixGameAsteroids.h */ = {isa = PBXFileReference; lastKnownFileType = sourcecode.c.h; path = NG8x8RGBMatrixGameAsteroids.h; sourceTree = "<group>"; };
		296452892987F32C00E1EF1D /* eNGineGameShield.png */ = {isa = PBXFileReference; lastKnownFileType = image.png; path = eNGineGameShield.png; sourceTree = "<group>"; };
		2964528A2987F66000E1EF1D /* GamePadI0.png */ = {isa = PBXFileReference; lastKnownFileType = image.png; path = GamePadI0.png; sourceTree = "<group>"; };
		2992AA7D2997C6E8004DDE5E /* LevelThree.png */ = {isa = PBXFileReference; lastKnownFileType = image.png; path = LevelThree.png; sourceTree = "<group>"; };
		2992AA7E299FF277004DDE5E /* LevelFour.png */ = {isa = PBXFileReference; lastKnownFileType = image.png; path = LevelFour.png; sourceTree = "<group>"; };
		2992AA7F29A14704004DDE5E /* GamePadI3.png */ = {isa = PBXFileReference; lastKnownFileType = image.png; path = GamePadI3.png; sourceTree = "<group>"; };
		2997EE0E29AB7748003B64B0 /* LevelFive.png */ = {isa = PBXFileReference; lastKnownFileType = image.png; path = LevelFive.png; sourceTree = "<group>"; };
		299C2B7D294F512A00F53CAA /* README.md */ = {isa = PBXFileReference; lastKnownFileType = net.daringfireball.markdown; path = README.md; sourceTree = "<group>"; };
		299C2B7F294F52B200F53CAA /* ToDo.txt */ = {isa = PBXFileReference; lastKnownFileType = text; path = ToDo.txt; sourceTree = "<group>"; };
		299C2B82294F532E00F53CAA /* keywords.txt */ = {isa = PBXFileReference; lastKnownFileType = text; path = keywords.txt; sourceTree = "<group>"; };
		299C2B83294F536000F53CAA /* library.properties */ = {isa = PBXFileReference; lastKnownFileType = text; path = library.properties; sourceTree = "<group>"; };
		299C2B84294F53A200F53CAA /* LICENSE */ = {isa = PBXFileReference; lastKnownFileType = text; path = LICENSE; sourceTree = "<group>"; };
		299C2B85294F552800F53CAA /* NGCustomGame.cpp */ = {isa = PBXFileReference; lastKnownFileType = sourcecode.cpp.cpp; path = NGCustomGame.cpp; sourceTree = "<group>"; };
		299C2B86294F552800F53CAA /* NGCustomGame.h */ = {isa = PBXFileReference; lastKnownFileType = sourcecode.c.h; path = NGCustomGame.h; sourceTree = "<group>"; };
		299C2B87294F5EAD00F53CAA /* NGCustom8x8RGBMatrixGame.cpp */ = {isa = PBXFileReference; lastKnownFileType = sourcecode.cpp.cpp; path = NGCustom8x8RGBMatrixGame.cpp; sourceTree = "<group>"; };
		299C2B88294F5EAD00F53CAA /* NGCustom8x8RGBMatrixGame.h */ = {isa = PBXFileReference; lastKnownFileType = sourcecode.c.h; path = NGCustom8x8RGBMatrixGame.h; sourceTree = "<group>"; };
		299C2B8A294F5FF100F53CAA /* NG8x8RGBMatrixGameDot.cpp */ = {isa = PBXFileReference; lastKnownFileType = sourcecode.cpp.cpp; path = NG8x8RGBMatrixGameDot.cpp; sourceTree = "<group>"; };
		299C2B8B294F5FF100F53CAA /* NG8x8RGBMatrixGameDot.h */ = {isa = PBXFileReference; lastKnownFileType = sourcecode.c.h; path = NG8x8RGBMatrixGameDot.h; sourceTree = "<group>"; };
		299C2B8D294F619900F53CAA /* dot.ino */ = {isa = PBXFileReference; lastKnownFileType = text; path = dot.ino; sourceTree = "<group>"; };
		299C2B8F29508B6D00F53CAA /* NGGameExceptions.h */ = {isa = PBXFileReference; lastKnownFileType = sourcecode.c.h; path = NGGameExceptions.h; sourceTree = "<group>"; };
		299C2B91295496F200F53CAA /* snake.ino */ = {isa = PBXFileReference; lastKnownFileType = text; path = snake.ino; sourceTree = "<group>"; };
		299C2B922954A08B00F53CAA /* NG8x8RGBMatrixGameSnake.cpp */ = {isa = PBXFileReference; lastKnownFileType = sourcecode.cpp.cpp; path = NG8x8RGBMatrixGameSnake.cpp; sourceTree = "<group>"; };
		299C2B932954A08B00F53CAA /* NG8x8RGBMatrixGameSnake.h */ = {isa = PBXFileReference; lastKnownFileType = sourcecode.c.h; path = NG8x8RGBMatrixGameSnake.h; sourceTree = "<group>"; };
		29E872FF296C07EE00F7BF90 /* boulderdash.ino */ = {isa = PBXFileReference; lastKnownFileType = text; path = boulderdash.ino; sourceTree = "<group>"; };
		29E87300296C081200F7BF90 /* NG8x8RGBMatrixGameBoulderdash.cpp */ = {isa = PBXFileReference; lastKnownFileType = sourcecode.cpp.cpp; path = NG8x8RGBMatrixGameBoulderdash.cpp; sourceTree = "<group>"; };
		29E87301296C081200F7BF90 /* NG8x8RGBMatrixGameBoulderdash.h */ = {isa = PBXFileReference; lastKnownFileType = sourcecode.c.h; path = NG8x8RGBMatrixGameBoulderdash.h; sourceTree = "<group>"; };
		29FD0A6C297DA494003CAA71 /* gamepad.ino */ = {isa = PBXFileReference; lastKnownFileType = text; path = gamepad.ino; sourceTree = "<group>"; };
		29FD0A6D297DA4D5003CAA71 /* NGGamePad.cpp */ = {isa = PBXFileReference; lastKnownFileType = sourcecode.cpp.cpp; path = NGGamePad.cpp; sourceTree = "<group>"; };
		29FD0A6E297DA4D5003CAA71 /* NGGamePad.h */ = {isa = PBXFileReference; lastKnownFileType = sourcecode.c.h; path = NGGamePad.h; sourceTree = "<group>"; };
/* End PBXFileReference section */

/* Begin PBXGroup section */
		29255B77298E5BEA00234506 /* images */ = {
			isa = PBXGroup;
			children = (
				29255B76298D392E00234506 /* LevelOne.png */,
				29255B78298E5C5B00234506 /* LevelTwo.png */,
				2992AA7D2997C6E8004DDE5E /* LevelThree.png */,
				2992AA7E299FF277004DDE5E /* LevelFour.png */,
				2997EE0E29AB7748003B64B0 /* LevelFive.png */,
			);
			path = images;
			sourceTree = "<group>";
		};
		29255B79298E800C00234506 /* images */ = {
			isa = PBXGroup;
			children = (
				29255B73298D330600234506 /* Asteroids.png */,
			);
			path = images;
			sourceTree = "<group>";
		};
		29255B7A298E802200234506 /* images */ = {
			isa = PBXGroup;
			children = (
				29255B70298D2D2800234506 /* Dot.png */,
			);
			path = images;
			sourceTree = "<group>";
		};
		29255B7B298E803E00234506 /* images */ = {
			isa = PBXGroup;
			children = (
				29255B72298D30DE00234506 /* Snake.png */,
			);
			path = images;
			sourceTree = "<group>";
		};
		29255B7C298E804D00234506 /* images */ = {
			isa = PBXGroup;
			children = (
				29255B74298D350100234506 /* Tetris.png */,
			);
			path = images;
			sourceTree = "<group>";
		};
		295A7E47295F2E67003779A3 /* tetris */ = {
			isa = PBXGroup;
			children = (
				29255B7C298E804D00234506 /* images */,
				295A7E48295F2E87003779A3 /* tetris.ino */,
			);
			path = tetris;
			sourceTree = "<group>";
		};
		295A7E4B2969DB41003779A3 /* asteroids */ = {
			isa = PBXGroup;
			children = (
				29255B79298E800C00234506 /* images */,
				295A7E4C2969DB65003779A3 /* asteroids.ino */,
			);
			path = asteroids;
			sourceTree = "<group>";
		};
		296452882987F28800E1EF1D /* images */ = {
			isa = PBXGroup;
			children = (
				296452892987F32C00E1EF1D /* eNGineGameShield.png */,
			);
			path = images;
			sourceTree = "<group>";
		};
		299C2B76294F50E200F53CAA = {
			isa = PBXGroup;
			children = (
				299C2B7E294F528900F53CAA /* docs */,
				299C2B83294F536000F53CAA /* library.properties */,
				299C2B84294F53A200F53CAA /* LICENSE */,
				299C2B7D294F512A00F53CAA /* README.md */,
				299C2B82294F532E00F53CAA /* keywords.txt */,
				299C2B80294F52D900F53CAA /* games */,
				29FCF0B22955D68E0065BD20 /* projects */,
				299C2B81294F52F800F53CAA /* src */,
			);
			sourceTree = "<group>";
		};
		299C2B7E294F528900F53CAA /* docs */ = {
			isa = PBXGroup;
			children = (
				296452882987F28800E1EF1D /* images */,
				299C2B7F294F52B200F53CAA /* ToDo.txt */,
			);
			path = docs;
			sourceTree = "<group>";
		};
		299C2B80294F52D900F53CAA /* games */ = {
			isa = PBXGroup;
			children = (
				295A7E4B2969DB41003779A3 /* asteroids */,
				29E872FE296C07C900F7BF90 /* boulderdash */,
				299C2B8C294F617900F53CAA /* dot */,
				299C2B90295496D400F53CAA /* snake */,
				295A7E47295F2E67003779A3 /* tetris */,
			);
			path = games;
			sourceTree = "<group>";
		};
		299C2B81294F52F800F53CAA /* src */ = {
			isa = PBXGroup;
			children = (
				299C2B8E29508B1B00F53CAA /* common */,
				299C2B89294F5F9F00F53CAA /* specs */,
				299C2B86294F552800F53CAA /* NGCustomGame.h */,
				299C2B85294F552800F53CAA /* NGCustomGame.cpp */,
				29FD0A6E297DA4D5003CAA71 /* NGGamePad.h */,
				29FD0A6D297DA4D5003CAA71 /* NGGamePad.cpp */,
			);
			path = src;
			sourceTree = "<group>";
		};
		299C2B89294F5F9F00F53CAA /* specs */ = {
			isa = PBXGroup;
			children = (
				299C2B88294F5EAD00F53CAA /* NGCustom8x8RGBMatrixGame.h */,
				299C2B87294F5EAD00F53CAA /* NGCustom8x8RGBMatrixGame.cpp */,
				295A7E4E2969DB99003779A3 /* NG8x8RGBMatrixGameAsteroids.h */,
				295A7E4D2969DB99003779A3 /* NG8x8RGBMatrixGameAsteroids.cpp */,
				29E87301296C081200F7BF90 /* NG8x8RGBMatrixGameBoulderdash.h */,
				29E87300296C081200F7BF90 /* NG8x8RGBMatrixGameBoulderdash.cpp */,
				299C2B8B294F5FF100F53CAA /* NG8x8RGBMatrixGameDot.h */,
				299C2B8A294F5FF100F53CAA /* NG8x8RGBMatrixGameDot.cpp */,
				299C2B932954A08B00F53CAA /* NG8x8RGBMatrixGameSnake.h */,
				299C2B922954A08B00F53CAA /* NG8x8RGBMatrixGameSnake.cpp */,
				295A7E4A295F2EB2003779A3 /* NG8x8RGBMatrixGameTetris.h */,
				295A7E49295F2EB2003779A3 /* NG8x8RGBMatrixGameTetris.cpp */,
			);
			name = specs;
			sourceTree = "<group>";
		};
		299C2B8C294F617900F53CAA /* dot */ = {
			isa = PBXGroup;
			children = (
				29255B7A298E802200234506 /* images */,
				299C2B8D294F619900F53CAA /* dot.ino */,
			);
			path = dot;
			sourceTree = "<group>";
		};
		299C2B8E29508B1B00F53CAA /* common */ = {
			isa = PBXGroup;
			children = (
				299C2B8F29508B6D00F53CAA /* NGGameExceptions.h */,
			);
			name = common;
			sourceTree = "<group>";
		};
		299C2B90295496D400F53CAA /* snake */ = {
			isa = PBXGroup;
			children = (
				29255B7B298E803E00234506 /* images */,
				299C2B91295496F200F53CAA /* snake.ino */,
			);
			path = snake;
			sourceTree = "<group>";
		};
		29E872FE296C07C900F7BF90 /* boulderdash */ = {
			isa = PBXGroup;
			children = (
				29255B77298E5BEA00234506 /* images */,
				29E872FF296C07EE00F7BF90 /* boulderdash.ino */,
			);
			path = boulderdash;
			sourceTree = "<group>";
		};
		29FCF0B22955D68E0065BD20 /* projects */ = {
			isa = PBXGroup;
			children = (
				29FCF0B32955D6C50065BD20 /* gamepad */,
			);
			path = projects;
			sourceTree = "<group>";
		};
		29FCF0B32955D6C50065BD20 /* gamepad */ = {
			isa = PBXGroup;
			children = (
				29FCF0B52955D7000065BD20 /* images */,
				29FCF0B42955D6F30065BD20 /* gamepad */,
			);
			path = gamepad;
			sourceTree = "<group>";
		};
		29FCF0B42955D6F30065BD20 /* gamepad */ = {
			isa = PBXGroup;
			children = (
				29FD0A6C297DA494003CAA71 /* gamepad.ino */,
			);
			path = gamepad;
			sourceTree = "<group>";
		};
		29FCF0B52955D7000065BD20 /* images */ = {
			isa = PBXGroup;
			children = (
				2964528A2987F66000E1EF1D /* GamePadI0.png */,
				2906CF86298BDA6B00C6212D /* GamePadI1.png */,
				2906CF87298BDC9D00C6212D /* GamePadI2.png */,
				2992AA7F29A14704004DDE5E /* GamePadI3.png */,
			);
			path = images;
			sourceTree = "<group>";
		};
/* End PBXGroup section */

/* Begin PBXProject section */
		299C2B77294F50E200F53CAA /* Project object */ = {
			isa = PBXProject;
			attributes = {
				BuildIndependentTargetsInParallel = 1;
				LastUpgradeCheck = 1420;
			};
			buildConfigurationList = 299C2B7A294F50E200F53CAA /* Build configuration list for PBXProject "NGEngineGames" */;
			compatibilityVersion = "Xcode 14.0";
			developmentRegion = en;
			hasScannedForEncodings = 0;
			knownRegions = (
				en,
				Base,
			);
			mainGroup = 299C2B76294F50E200F53CAA;
			projectDirPath = "";
			projectRoot = "";
			targets = (
			);
		};
/* End PBXProject section */

/* Begin XCBuildConfiguration section */
		299C2B7B294F50E200F53CAA /* Debug */ = {
			isa = XCBuildConfiguration;
			buildSettings = {
			};
			name = Debug;
		};
		299C2B7C294F50E200F53CAA /* Release */ = {
			isa = XCBuildConfiguration;
			buildSettings = {
			};
			name = Release;
		};
/* End XCBuildConfiguration section */

/* Begin XCConfigurationList section */
		299C2B7A294F50E200F53CAA /* Build configuration list for PBXProject "NGEngineGames" */ = {
			isa = XCConfigurationList;
			buildConfigurations = (
				299C2B7B294F50E200F53CAA /* Debug */,
				299C2B7C294F50E200F53CAA /* Release */,
			);
			defaultConfigurationIsVisible = 0;
			defaultConfigurationName = Release;
		};
/* End XCConfigurationList section */
	};
	rootObject = 299C2B77294F50E200F53CAA /* Project object */;
}
