// !$*UTF8*$!
{
	archiveVersion = 1;
	classes = {
	};
	objectVersion = 56;
	objects = {

/* Begin PBXFileReference section */
		299C2B7D294F512A00F53CAA /* README.md */ = {isa = PBXFileReference; lastKnownFileType = net.daringfireball.markdown; path = README.md; sourceTree = "<group>"; };
/* End PBXFileReference section */

/* Begin PBXGroup section */
		299C2B76294F50E200F53CAA = {
			isa = PBXGroup;
			children = (
				299C2B7D294F512A00F53CAA /* README.md */,
			);
			sourceTree = "<group>";
		};
/* End PBXGroup section */

/* Begin PBXProject section */
		299C2B77294F50E200F53CAA /* Project object */ = {
			isa = PBXProject;
			attributes = {
				BuildIndependentTargetsInParallel = 1;
				LastUpgradeCheck = 1420;
			};
			buildConfigurationList = 299C2B7A294F50E200F53CAA /* Build configuration list for PBXProject "NGEngineGames" */;
			compatibilityVersion = "Xcode 14.0";
			developmentRegion = en;
			hasScannedForEncodings = 0;
			knownRegions = (
				en,
				Base,
			);
			mainGroup = 299C2B76294F50E200F53CAA;
			projectDirPath = "";
			projectRoot = "";
			targets = (
			);
		};
/* End PBXProject section */

/* Begin XCBuildConfiguration section */
		299C2B7B294F50E200F53CAA /* Debug */ = {
			isa = XCBuildConfiguration;
			buildSettings = {
			};
			name = Debug;
		};
		299C2B7C294F50E200F53CAA /* Release */ = {
			isa = XCBuildConfiguration;
			buildSettings = {
			};
			name = Release;
		};
/* End XCBuildConfiguration section */

/* Begin XCConfigurationList section */
		299C2B7A294F50E200F53CAA /* Build configuration list for PBXProject "NGEngineGames" */ = {
			isa = XCConfigurationList;
			buildConfigurations = (
				299C2B7B294F50E200F53CAA /* Debug */,
				299C2B7C294F50E200F53CAA /* Release */,
			);
			defaultConfigurationIsVisible = 0;
			defaultConfigurationName = Release;
		};
/* End XCConfigurationList section */
	};
	rootObject = 299C2B77294F50E200F53CAA /* Project object */;
}
